// !$*UTF8*$!
{
	archiveVersion = 1;
	classes = {
	};
	objectVersion = 46;
	objects = {

/* Begin PBXBuildFile section */
		4B6C2D8E1C8B71DE0037CF81 /* AppDelegate.swift in Sources */ = {isa = PBXBuildFile; fileRef = 4B6C2D8D1C8B71DE0037CF81 /* AppDelegate.swift */; };
		4B6C2D901C8B71DE0037CF81 /* ViewController.swift in Sources */ = {isa = PBXBuildFile; fileRef = 4B6C2D8F1C8B71DE0037CF81 /* ViewController.swift */; };
		4B6C2D931C8B71DE0037CF81 /* Main.storyboard in Resources */ = {isa = PBXBuildFile; fileRef = 4B6C2D911C8B71DE0037CF81 /* Main.storyboard */; };
		4B6C2D961C8B71DE0037CF81 /* CoreDataExample.xcdatamodeld in Sources */ = {isa = PBXBuildFile; fileRef = 4B6C2D941C8B71DE0037CF81 /* CoreDataExample.xcdatamodeld */; };
		4B6C2D981C8B71DE0037CF81 /* Assets.xcassets in Resources */ = {isa = PBXBuildFile; fileRef = 4B6C2D971C8B71DE0037CF81 /* Assets.xcassets */; };
		4B6C2D9B1C8B71DE0037CF81 /* LaunchScreen.storyboard in Resources */ = {isa = PBXBuildFile; fileRef = 4B6C2D991C8B71DE0037CF81 /* LaunchScreen.storyboard */; };
		4B6C2DA61C8B71DE0037CF81 /* CoreDataExampleTests.swift in Sources */ = {isa = PBXBuildFile; fileRef = 4B6C2DA51C8B71DE0037CF81 /* CoreDataExampleTests.swift */; };
/* End PBXBuildFile section */

/* Begin PBXContainerItemProxy section */
		4B6C2DA21C8B71DE0037CF81 /* PBXContainerItemProxy */ = {
			isa = PBXContainerItemProxy;
			containerPortal = 4B6C2D821C8B71DE0037CF81 /* Project object */;
			proxyType = 1;
			remoteGlobalIDString = 4B6C2D891C8B71DE0037CF81;
			remoteInfo = CoreDataExample;
		};
/* End PBXContainerItemProxy section */

/* Begin PBXFileReference section */
		4B03990F1C8B74A200D0A200 /* CoreDataExample 1.1.xcdatamodel */ = {isa = PBXFileReference; lastKnownFileType = wrapper.xcdatamodel; path = "CoreDataExample 1.1.xcdatamodel"; sourceTree = "<group>"; };
		4B6C2D8A1C8B71DE0037CF81 /* CoreDataExample.app */ = {isa = PBXFileReference; explicitFileType = wrapper.application; includeInIndex = 0; path = CoreDataExample.app; sourceTree = BUILT_PRODUCTS_DIR; };
		4B6C2D8D1C8B71DE0037CF81 /* AppDelegate.swift */ = {isa = PBXFileReference; lastKnownFileType = sourcecode.swift; path = AppDelegate.swift; sourceTree = "<group>"; };
		4B6C2D8F1C8B71DE0037CF81 /* ViewController.swift */ = {isa = PBXFileReference; lastKnownFileType = sourcecode.swift; path = ViewController.swift; sourceTree = "<group>"; };
		4B6C2D921C8B71DE0037CF81 /* Base */ = {isa = PBXFileReference; lastKnownFileType = file.storyboard; name = Base; path = Base.lproj/Main.storyboard; sourceTree = "<group>"; };
		4B6C2D951C8B71DE0037CF81 /* CoreDataExample.xcdatamodel */ = {isa = PBXFileReference; lastKnownFileType = wrapper.xcdatamodel; path = CoreDataExample.xcdatamodel; sourceTree = "<group>"; };
		4B6C2D971C8B71DE0037CF81 /* Assets.xcassets */ = {isa = PBXFileReference; lastKnownFileType = folder.assetcatalog; path = Assets.xcassets; sourceTree = "<group>"; };
		4B6C2D9A1C8B71DE0037CF81 /* Base */ = {isa = PBXFileReference; lastKnownFileType = file.storyboard; name = Base; path = Base.lproj/LaunchScreen.storyboard; sourceTree = "<group>"; };
		4B6C2D9C1C8B71DE0037CF81 /* Info.plist */ = {isa = PBXFileReference; lastKnownFileType = text.plist.xml; path = Info.plist; sourceTree = "<group>"; };
		4B6C2DA11C8B71DE0037CF81 /* CoreDataExampleTests.xctest */ = {isa = PBXFileReference; explicitFileType = wrapper.cfbundle; includeInIndex = 0; path = CoreDataExampleTests.xctest; sourceTree = BUILT_PRODUCTS_DIR; };
		4B6C2DA51C8B71DE0037CF81 /* CoreDataExampleTests.swift */ = {isa = PBXFileReference; lastKnownFileType = sourcecode.swift; path = CoreDataExampleTests.swift; sourceTree = "<group>"; };
		4B6C2DA71C8B71DE0037CF81 /* Info.plist */ = {isa = PBXFileReference; lastKnownFileType = text.plist.xml; path = Info.plist; sourceTree = "<group>"; };
/* End PBXFileReference section */

/* Begin PBXFrameworksBuildPhase section */
		4B6C2D871C8B71DE0037CF81 /* Frameworks */ = {
			isa = PBXFrameworksBuildPhase;
			buildActionMask = 2147483647;
			files = (
			);
			runOnlyForDeploymentPostprocessing = 0;
		};
		4B6C2D9E1C8B71DE0037CF81 /* Frameworks */ = {
			isa = PBXFrameworksBuildPhase;
			buildActionMask = 2147483647;
			files = (
			);
			runOnlyForDeploymentPostprocessing = 0;
		};
/* End PBXFrameworksBuildPhase section */

/* Begin PBXGroup section */
		4B6C2D811C8B71DE0037CF81 = {
			isa = PBXGroup;
			children = (
				4B6C2D8C1C8B71DE0037CF81 /* CoreDataExample */,
				4B6C2DA41C8B71DE0037CF81 /* CoreDataExampleTests */,
				4B6C2D8B1C8B71DE0037CF81 /* Products */,
			);
			sourceTree = "<group>";
		};
		4B6C2D8B1C8B71DE0037CF81 /* Products */ = {
			isa = PBXGroup;
			children = (
				4B6C2D8A1C8B71DE0037CF81 /* CoreDataExample.app */,
				4B6C2DA11C8B71DE0037CF81 /* CoreDataExampleTests.xctest */,
			);
			name = Products;
			sourceTree = "<group>";
		};
		4B6C2D8C1C8B71DE0037CF81 /* CoreDataExample */ = {
			isa = PBXGroup;
			children = (
				4B6C2D8D1C8B71DE0037CF81 /* AppDelegate.swift */,
				4B6C2D8F1C8B71DE0037CF81 /* ViewController.swift */,
				4B6C2D911C8B71DE0037CF81 /* Main.storyboard */,
				4B6C2D971C8B71DE0037CF81 /* Assets.xcassets */,
				4B6C2D991C8B71DE0037CF81 /* LaunchScreen.storyboard */,
				4B6C2D9C1C8B71DE0037CF81 /* Info.plist */,
				4B6C2D941C8B71DE0037CF81 /* CoreDataExample.xcdatamodeld */,
			);
			path = CoreDataExample;
			sourceTree = "<group>";
		};
		4B6C2DA41C8B71DE0037CF81 /* CoreDataExampleTests */ = {
			isa = PBXGroup;
			children = (
				4B6C2DA51C8B71DE0037CF81 /* CoreDataExampleTests.swift */,
				4B6C2DA71C8B71DE0037CF81 /* Info.plist */,
			);
			path = CoreDataExampleTests;
			sourceTree = "<group>";
		};
/* End PBXGroup section */

/* Begin PBXNativeTarget section */
		4B6C2D891C8B71DE0037CF81 /* CoreDataExample */ = {
			isa = PBXNativeTarget;
			buildConfigurationList = 4B6C2DAA1C8B71DE0037CF81 /* Build configuration list for PBXNativeTarget "CoreDataExample" */;
			buildPhases = (
				4B6C2D861C8B71DE0037CF81 /* Sources */,
				4B6C2D871C8B71DE0037CF81 /* Frameworks */,
				4B6C2D881C8B71DE0037CF81 /* Resources */,
			);
			buildRules = (
			);
			dependencies = (
			);
			name = CoreDataExample;
			productName = CoreDataExample;
			productReference = 4B6C2D8A1C8B71DE0037CF81 /* CoreDataExample.app */;
			productType = "com.apple.product-type.application";
		};
		4B6C2DA01C8B71DE0037CF81 /* CoreDataExampleTests */ = {
			isa = PBXNativeTarget;
			buildConfigurationList = 4B6C2DAD1C8B71DE0037CF81 /* Build configuration list for PBXNativeTarget "CoreDataExampleTests" */;
			buildPhases = (
				4B6C2D9D1C8B71DE0037CF81 /* Sources */,
				4B6C2D9E1C8B71DE0037CF81 /* Frameworks */,
				4B6C2D9F1C8B71DE0037CF81 /* Resources */,
			);
			buildRules = (
			);
			dependencies = (
				4B6C2DA31C8B71DE0037CF81 /* PBXTargetDependency */,
			);
			name = CoreDataExampleTests;
			productName = CoreDataExampleTests;
			productReference = 4B6C2DA11C8B71DE0037CF81 /* CoreDataExampleTests.xctest */;
			productType = "com.apple.product-type.bundle.unit-test";
		};
/* End PBXNativeTarget section */

/* Begin PBXProject section */
		4B6C2D821C8B71DE0037CF81 /* Project object */ = {
			isa = PBXProject;
			attributes = {
				LastSwiftUpdateCheck = 0720;
				LastUpgradeCheck = 0720;
				ORGANIZATIONNAME = "Yuchen Zhong";
				TargetAttributes = {
					4B6C2D891C8B71DE0037CF81 = {
						CreatedOnToolsVersion = 7.2.1;
						DevelopmentTeam = PXZUC54C84;
					};
					4B6C2DA01C8B71DE0037CF81 = {
						CreatedOnToolsVersion = 7.2.1;
						DevelopmentTeam = PXZUC54C84;
						TestTargetID = 4B6C2D891C8B71DE0037CF81;
					};
				};
			};
			buildConfigurationList = 4B6C2D851C8B71DE0037CF81 /* Build configuration list for PBXProject "CoreDataExample" */;
			compatibilityVersion = "Xcode 3.2";
			developmentRegion = English;
			hasScannedForEncodings = 0;
			knownRegions = (
				en,
				Base,
			);
			mainGroup = 4B6C2D811C8B71DE0037CF81;
			productRefGroup = 4B6C2D8B1C8B71DE0037CF81 /* Products */;
			projectDirPath = "";
			projectRoot = "";
			targets = (
				4B6C2D891C8B71DE0037CF81 /* CoreDataExample */,
				4B6C2DA01C8B71DE0037CF81 /* CoreDataExampleTests */,
			);
		};
/* End PBXProject section */

/* Begin PBXResourcesBuildPhase section */
		4B6C2D881C8B71DE0037CF81 /* Resources */ = {
			isa = PBXResourcesBuildPhase;
			buildActionMask = 2147483647;
			files = (
				4B6C2D9B1C8B71DE0037CF81 /* LaunchScreen.storyboard in Resources */,
				4B6C2D981C8B71DE0037CF81 /* Assets.xcassets in Resources */,
				4B6C2D931C8B71DE0037CF81 /* Main.storyboard in Resources */,
			);
			runOnlyForDeploymentPostprocessing = 0;
		};
		4B6C2D9F1C8B71DE0037CF81 /* Resources */ = {
			isa = PBXResourcesBuildPhase;
			buildActionMask = 2147483647;
			files = (
			);
			runOnlyForDeploymentPostprocessing = 0;
		};
/* End PBXResourcesBuildPhase section */

/* Begin PBXSourcesBuildPhase section */
		4B6C2D861C8B71DE0037CF81 /* Sources */ = {
			isa = PBXSourcesBuildPhase;
			buildActionMask = 2147483647;
			files = (
				4B6C2D901C8B71DE0037CF81 /* ViewController.swift in Sources */,
				4B6C2D8E1C8B71DE0037CF81 /* AppDelegate.swift in Sources */,
				4B6C2D961C8B71DE0037CF81 /* CoreDataExample.xcdatamodeld in Sources */,
			);
			runOnlyForDeploymentPostprocessing = 0;
		};
		4B6C2D9D1C8B71DE0037CF81 /* Sources */ = {
			isa = PBXSourcesBuildPhase;
			buildActionMask = 2147483647;
			files = (
				4B6C2DA61C8B71DE0037CF81 /* CoreDataExampleTests.swift in Sources */,
			);
			runOnlyForDeploymentPostprocessing = 0;
		};
/* End PBXSourcesBuildPhase section */

/* Begin PBXTargetDependency section */
		4B6C2DA31C8B71DE0037CF81 /* PBXTargetDependency */ = {
			isa = PBXTargetDependency;
			target = 4B6C2D891C8B71DE0037CF81 /* CoreDataExample */;
			targetProxy = 4B6C2DA21C8B71DE0037CF81 /* PBXContainerItemProxy */;
		};
/* End PBXTargetDependency section */

/* Begin PBXVariantGroup section */
		4B6C2D911C8B71DE0037CF81 /* Main.storyboard */ = {
			isa = PBXVariantGroup;
			children = (
				4B6C2D921C8B71DE0037CF81 /* Base */,
			);
			name = Main.storyboard;
			sourceTree = "<group>";
		};
		4B6C2D991C8B71DE0037CF81 /* LaunchScreen.storyboard */ = {
			isa = PBXVariantGroup;
			children = (
				4B6C2D9A1C8B71DE0037CF81 /* Base */,
			);
			name = LaunchScreen.storyboard;
			sourceTree = "<group>";
		};
/* End PBXVariantGroup section */

/* Begin XCBuildConfiguration section */
		4B6C2DA81C8B71DE0037CF81 /* Debug */ = {
			isa = XCBuildConfiguration;
			buildSettings = {
				ALWAYS_SEARCH_USER_PATHS = NO;
				CLANG_CXX_LANGUAGE_STANDARD = "gnu++0x";
				CLANG_CXX_LIBRARY = "libc++";
				CLANG_ENABLE_MODULES = YES;
				CLANG_ENABLE_OBJC_ARC = YES;
				CLANG_WARN_BOOL_CONVERSION = YES;
				CLANG_WARN_CONSTANT_CONVERSION = YES;
				CLANG_WARN_DIRECT_OBJC_ISA_USAGE = YES_ERROR;
				CLANG_WARN_EMPTY_BODY = YES;
				CLANG_WARN_ENUM_CONVERSION = YES;
				CLANG_WARN_INT_CONVERSION = YES;
				CLANG_WARN_OBJC_ROOT_CLASS = YES_ERROR;
				CLANG_WARN_UNREACHABLE_CODE = YES;
				CLANG_WARN__DUPLICATE_METHOD_MATCH = YES;
				"CODE_SIGN_IDENTITY[sdk=iphoneos*]" = "iPhone Developer";
				COPY_PHASE_STRIP = NO;
				DEBUG_INFORMATION_FORMAT = dwarf;
				ENABLE_STRICT_OBJC_MSGSEND = YES;
				ENABLE_TESTABILITY = YES;
				GCC_C_LANGUAGE_STANDARD = gnu99;
				GCC_DYNAMIC_NO_PIC = NO;
				GCC_NO_COMMON_BLOCKS = YES;
				GCC_OPTIMIZATION_LEVEL = 0;
				GCC_PREPROCESSOR_DEFINITIONS = (
					"DEBUG=1",
					"$(inherited)",
				);
				GCC_WARN_64_TO_32_BIT_CONVERSION = YES;
				GCC_WARN_ABOUT_RETURN_TYPE = YES_ERROR;
				GCC_WARN_UNDECLARED_SELECTOR = YES;
				GCC_WARN_UNINITIALIZED_AUTOS = YES_AGGRESSIVE;
				GCC_WARN_UNUSED_FUNCTION = YES;
				GCC_WARN_UNUSED_VARIABLE = YES;
				IPHONEOS_DEPLOYMENT_TARGET = 9.2;
				MTL_ENABLE_DEBUG_INFO = YES;
				ONLY_ACTIVE_ARCH = YES;
				SDKROOT = iphoneos;
				SWIFT_OPTIMIZATION_LEVEL = "-Onone";
				TARGETED_DEVICE_FAMILY = "1,2";
			};
			name = Debug;
		};
		4B6C2DA91C8B71DE0037CF81 /* Release */ = {
			isa = XCBuildConfiguration;
			buildSettings = {
				ALWAYS_SEARCH_USER_PATHS = NO;
				CLANG_CXX_LANGUAGE_STANDARD = "gnu++0x";
				CLANG_CXX_LIBRARY = "libc++";
				CLANG_ENABLE_MODULES = YES;
				CLANG_ENABLE_OBJC_ARC = YES;
				CLANG_WARN_BOOL_CONVERSION = YES;
				CLANG_WARN_CONSTANT_CONVERSION = YES;
				CLANG_WARN_DIRECT_OBJC_ISA_USAGE = YES_ERROR;
				CLANG_WARN_EMPTY_BODY = YES;
				CLANG_WARN_ENUM_CONVERSION = YES;
				CLANG_WARN_INT_CONVERSION = YES;
				CLANG_WARN_OBJC_ROOT_CLASS = YES_ERROR;
				CLANG_WARN_UNREACHABLE_CODE = YES;
				CLANG_WARN__DUPLICATE_METHOD_MATCH = YES;
				"CODE_SIGN_IDENTITY[sdk=iphoneos*]" = "iPhone Developer";
				COPY_PHASE_STRIP = NO;
				DEBUG_INFORMATION_FORMAT = "dwarf-with-dsym";
				ENABLE_NS_ASSERTIONS = NO;
				ENABLE_STRICT_OBJC_MSGSEND = YES;
				GCC_C_LANGUAGE_STANDARD = gnu99;
				GCC_NO_COMMON_BLOCKS = YES;
				GCC_WARN_64_TO_32_BIT_CONVERSION = YES;
				GCC_WARN_ABOUT_RETURN_TYPE = YES_ERROR;
				GCC_WARN_UNDECLARED_SELECTOR = YES;
				GCC_WARN_UNINITIALIZED_AUTOS = YES_AGGRESSIVE;
				GCC_WARN_UNUSED_FUNCTION = YES;
				GCC_WARN_UNUSED_VARIABLE = YES;
				IPHONEOS_DEPLOYMENT_TARGET = 9.2;
				MTL_ENABLE_DEBUG_INFO = NO;
				SDKROOT = iphoneos;
				TARGETED_DEVICE_FAMILY = "1,2";
				VALIDATE_PRODUCT = YES;
			};
			name = Release;
		};
		4B6C2DAB1C8B71DE0037CF81 /* Debug */ = {
			isa = XCBuildConfiguration;
			buildSettings = {
				ASSETCATALOG_COMPILER_APPICON_NAME = AppIcon;
				INFOPLIST_FILE = CoreDataExample/Info.plist;
				LD_RUNPATH_SEARCH_PATHS = "$(inherited) @executable_path/Frameworks";
				PRODUCT_BUNDLE_IDENTIFIER = com.yuchen.CoreDataExample;
				PRODUCT_NAME = "$(TARGET_NAME)";
			};
			name = Debug;
		};
		4B6C2DAC1C8B71DE0037CF81 /* Release */ = {
			isa = XCBuildConfiguration;
			buildSettings = {
				ASSETCATALOG_COMPILER_APPICON_NAME = AppIcon;
				INFOPLIST_FILE = CoreDataExample/Info.plist;
				LD_RUNPATH_SEARCH_PATHS = "$(inherited) @executable_path/Frameworks";
				PRODUCT_BUNDLE_IDENTIFIER = com.yuchen.CoreDataExample;
				PRODUCT_NAME = "$(TARGET_NAME)";
			};
			name = Release;
		};
		4B6C2DAE1C8B71DE0037CF81 /* Debug */ = {
			isa = XCBuildConfiguration;
			buildSettings = {
				BUNDLE_LOADER = "$(TEST_HOST)";
				INFOPLIST_FILE = CoreDataExampleTests/Info.plist;
				LD_RUNPATH_SEARCH_PATHS = "$(inherited) @executable_path/Frameworks @loader_path/Frameworks";
				PRODUCT_BUNDLE_IDENTIFIER = com.yuchen.CoreDataExampleTests;
				PRODUCT_NAME = "$(TARGET_NAME)";
				TEST_HOST = "$(BUILT_PRODUCTS_DIR)/CoreDataExample.app/CoreDataExample";
			};
			name = Debug;
		};
		4B6C2DAF1C8B71DE0037CF81 /* Release */ = {
			isa = XCBuildConfiguration;
			buildSettings = {
				BUNDLE_LOADER = "$(TEST_HOST)";
				INFOPLIST_FILE = CoreDataExampleTests/Info.plist;
				LD_RUNPATH_SEARCH_PATHS = "$(inherited) @executable_path/Frameworks @loader_path/Frameworks";
				PRODUCT_BUNDLE_IDENTIFIER = com.yuchen.CoreDataExampleTests;
				PRODUCT_NAME = "$(TARGET_NAME)";
				TEST_HOST = "$(BUILT_PRODUCTS_DIR)/CoreDataExample.app/CoreDataExample";
			};
			name = Release;
		};
/* End XCBuildConfiguration section */

/* Begin XCConfigurationList section */
		4B6C2D851C8B71DE0037CF81 /* Build configuration list for PBXProject "CoreDataExample" */ = {
			isa = XCConfigurationList;
			buildConfigurations = (
				4B6C2DA81C8B71DE0037CF81 /* Debug */,
				4B6C2DA91C8B71DE0037CF81 /* Release */,
			);
			defaultConfigurationIsVisible = 0;
			defaultConfigurationName = Release;
		};
		4B6C2DAA1C8B71DE0037CF81 /* Build configuration list for PBXNativeTarget "CoreDataExample" */ = {
			isa = XCConfigurationList;
			buildConfigurations = (
				4B6C2DAB1C8B71DE0037CF81 /* Debug */,
				4B6C2DAC1C8B71DE0037CF81 /* Release */,
			);
			defaultConfigurationIsVisible = 0;
			defaultConfigurationName = Release;
		};
		4B6C2DAD1C8B71DE0037CF81 /* Build configuration list for PBXNativeTarget "CoreDataExampleTests" */ = {
			isa = XCConfigurationList;
			buildConfigurations = (
				4B6C2DAE1C8B71DE0037CF81 /* Debug */,
				4B6C2DAF1C8B71DE0037CF81 /* Release */,
			);
			defaultConfigurationIsVisible = 0;
			defaultConfigurationName = Release;
		};
/* End XCConfigurationList section */

/* Begin XCVersionGroup section */
		4B6C2D941C8B71DE0037CF81 /* CoreDataExample.xcdatamodeld */ = {
			isa = XCVersionGroup;
			children = (
				4B03990F1C8B74A200D0A200 /* CoreDataExample 1.1.xcdatamodel */,
				4B6C2D951C8B71DE0037CF81 /* CoreDataExample.xcdatamodel */,
			);
			currentVersion = 4B6C2D951C8B71DE0037CF81 /* CoreDataExample.xcdatamodel */;
			path = CoreDataExample.xcdatamodeld;
			sourceTree = "<group>";
			versionGroupType = wrapper.xcdatamodel;
		};
/* End XCVersionGroup section */
	};
	rootObject = 4B6C2D821C8B71DE0037CF81 /* Project object */;
}
